
Microsoft Visual Studio Solution File, Format Version 12.00
# Visual Studio Version 16
VisualStudioVersion = 16.0.30002.166
MinimumVisualStudioVersion = 10.0.40219.1
Project("{FAE04EC0-301F-11D3-BF4B-00C04F79EFBC}") = "ServeralControlPrac", "ServeralControlPrac\ServeralControlPrac.csproj", "{DA56F456-6374-4C8D-BA45-1C11CEFDDD7A}"
EndProject
Global
	GlobalSection(SolutionConfigurationPlatforms) = preSolution
		Debug|Any CPU = Debug|Any CPU
		Release|Any CPU = Release|Any CPU
	EndGlobalSection
	GlobalSection(ProjectConfigurationPlatforms) = postSolution
		{DA56F456-6374-4C8D-BA45-1C11CEFDDD7A}.Debug|Any CPU.ActiveCfg = Debug|Any CPU
		{DA56F456-6374-4C8D-BA45-1C11CEFDDD7A}.Debug|Any CPU.Build.0 = Debug|Any CPU
		{DA56F456-6374-4C8D-BA45-1C11CEFDDD7A}.Release|Any CPU.ActiveCfg = Release|Any CPU
		{DA56F456-6374-4C8D-BA45-1C11CEFDDD7A}.Release|Any CPU.Build.0 = Release|Any CPU
	EndGlobalSection
	GlobalSection(SolutionProperties) = preSolution
		HideSolutionNode = FALSE
	EndGlobalSection
	GlobalSection(ExtensibilityGlobals) = postSolution
		SolutionGuid = {FDA10C83-F8CD-4D64-8FDF-C0FE7508554B}
	EndGlobalSection
EndGlobal
